
Microsoft Visual Studio Solution File, Format Version 12.00
# Visual Studio 14
VisualStudioVersion = 14.0.25420.1
MinimumVisualStudioVersion = 10.0.40219.1
Project("{2150E333-8FDC-42A3-9474-1A3956D46DE8}") = "src", "src", "{DA69F624-5398-4884-87E4-B816698CDE65}"
EndProject
Project("{2150E333-8FDC-42A3-9474-1A3956D46DE8}") = "Solution Items", "Solution Items", "{83B2C3EB-A3D8-4E6F-9A3C-A380B005EF31}"
	ProjectSection(SolutionItems) = preProject
		global.json = global.json
		NuGet.config = NuGet.config
	EndProjectSection
EndProject
Project("{2150E333-8FDC-42A3-9474-1A3956D46DE8}") = "Web", "Web", "{C4BC9889-B49F-41B6-806B-F84941B2549B}"
EndProject
Project("{8BB2217D-0F2D-49D1-97BC-3654ED321F3B}") = "Microsoft.AspNetCore.Sockets", "src\Microsoft.AspNetCore.Sockets\Microsoft.AspNetCore.Sockets.xproj", "{1715EA8D-8E13-4ACF-8BCA-57D048E55ED8}"
EndProject
Project("{8BB2217D-0F2D-49D1-97BC-3654ED321F3B}") = "Microsoft.Extensions.WebSockets.Internal", "src\Microsoft.Extensions.WebSockets.Internal\Microsoft.Extensions.WebSockets.Internal.xproj", "{5D9DA986-2EAB-4C6D-BF15-9A4BDD4DE775}"
EndProject
Project("{8BB2217D-0F2D-49D1-97BC-3654ED321F3B}") = "Microsoft.AspNetCore.SignalR", "src\Microsoft.AspNetCore.SignalR\Microsoft.AspNetCore.SignalR.xproj", "{42E76F87-92B6-45AB-BF07-6B811C0F2CAC}"
EndProject
Project("{8BB2217D-0F2D-49D1-97BC-3654ED321F3B}") = "Microsoft.AspNetCore.WebSockets.Internal", "src\Microsoft.AspNetCore.WebSockets.Internal\Microsoft.AspNetCore.WebSockets.Internal.xproj", "{FFFE71F8-E476-4BCD-9689-F106EE1C1497}"
EndProject
Project("{8BB2217D-0F2D-49D1-97BC-3654ED321F3B}") = "Microsoft.AspNetCore.SignalR.Common", "src\Microsoft.AspNetCore.SignalR.Common\Microsoft.AspNetCore.SignalR.Common.xproj", "{E37324FF-6BAF-4243-BA80-7C024CF5F29D}"
EndProject
Project("{2150E333-8FDC-42A3-9474-1A3956D46DE8}") = "SignalR-Source", "SignalR-Source", "{666BCD49-A285-48D1-94D1-944150F1423D}"
EndProject
Project("{8BB2217D-0F2D-49D1-97BC-3654ED321F3B}") = "SignalRWeb", "web\RealtimeWeb\SignalRWeb.xproj", "{300979F6-A02E-407A-B8DF-F6200806C18D}"
EndProject
Global
	GlobalSection(SolutionConfigurationPlatforms) = preSolution
		Debug|Any CPU = Debug|Any CPU
		Release|Any CPU = Release|Any CPU
	EndGlobalSection
	GlobalSection(ProjectConfigurationPlatforms) = postSolution
		{1715EA8D-8E13-4ACF-8BCA-57D048E55ED8}.Debug|Any CPU.ActiveCfg = Debug|Any CPU
		{1715EA8D-8E13-4ACF-8BCA-57D048E55ED8}.Debug|Any CPU.Build.0 = Debug|Any CPU
		{1715EA8D-8E13-4ACF-8BCA-57D048E55ED8}.Release|Any CPU.ActiveCfg = Release|Any CPU
		{1715EA8D-8E13-4ACF-8BCA-57D048E55ED8}.Release|Any CPU.Build.0 = Release|Any CPU
		{5D9DA986-2EAB-4C6D-BF15-9A4BDD4DE775}.Debug|Any CPU.ActiveCfg = Debug|Any CPU
		{5D9DA986-2EAB-4C6D-BF15-9A4BDD4DE775}.Debug|Any CPU.Build.0 = Debug|Any CPU
		{5D9DA986-2EAB-4C6D-BF15-9A4BDD4DE775}.Release|Any CPU.ActiveCfg = Release|Any CPU
		{5D9DA986-2EAB-4C6D-BF15-9A4BDD4DE775}.Release|Any CPU.Build.0 = Release|Any CPU
		{42E76F87-92B6-45AB-BF07-6B811C0F2CAC}.Debug|Any CPU.ActiveCfg = Debug|Any CPU
		{42E76F87-92B6-45AB-BF07-6B811C0F2CAC}.Debug|Any CPU.Build.0 = Debug|Any CPU
		{42E76F87-92B6-45AB-BF07-6B811C0F2CAC}.Release|Any CPU.ActiveCfg = Release|Any CPU
		{42E76F87-92B6-45AB-BF07-6B811C0F2CAC}.Release|Any CPU.Build.0 = Release|Any CPU
		{FFFE71F8-E476-4BCD-9689-F106EE1C1497}.Debug|Any CPU.ActiveCfg = Debug|Any CPU
		{FFFE71F8-E476-4BCD-9689-F106EE1C1497}.Debug|Any CPU.Build.0 = Debug|Any CPU
		{FFFE71F8-E476-4BCD-9689-F106EE1C1497}.Release|Any CPU.ActiveCfg = Release|Any CPU
		{FFFE71F8-E476-4BCD-9689-F106EE1C1497}.Release|Any CPU.Build.0 = Release|Any CPU
		{E37324FF-6BAF-4243-BA80-7C024CF5F29D}.Debug|Any CPU.ActiveCfg = Debug|Any CPU
		{E37324FF-6BAF-4243-BA80-7C024CF5F29D}.Debug|Any CPU.Build.0 = Debug|Any CPU
		{E37324FF-6BAF-4243-BA80-7C024CF5F29D}.Release|Any CPU.ActiveCfg = Release|Any CPU
		{E37324FF-6BAF-4243-BA80-7C024CF5F29D}.Release|Any CPU.Build.0 = Release|Any CPU
		{300979F6-A02E-407A-B8DF-F6200806C18D}.Debug|Any CPU.ActiveCfg = Debug|Any CPU
		{300979F6-A02E-407A-B8DF-F6200806C18D}.Debug|Any CPU.Build.0 = Debug|Any CPU
		{300979F6-A02E-407A-B8DF-F6200806C18D}.Release|Any CPU.ActiveCfg = Release|Any CPU
		{300979F6-A02E-407A-B8DF-F6200806C18D}.Release|Any CPU.Build.0 = Release|Any CPU
	EndGlobalSection
	GlobalSection(SolutionProperties) = preSolution
		HideSolutionNode = FALSE
	EndGlobalSection
	GlobalSection(NestedProjects) = preSolution
		{DA69F624-5398-4884-87E4-B816698CDE65} = {666BCD49-A285-48D1-94D1-944150F1423D}
		{1715EA8D-8E13-4ACF-8BCA-57D048E55ED8} = {DA69F624-5398-4884-87E4-B816698CDE65}
		{5D9DA986-2EAB-4C6D-BF15-9A4BDD4DE775} = {DA69F624-5398-4884-87E4-B816698CDE65}
		{42E76F87-92B6-45AB-BF07-6B811C0F2CAC} = {DA69F624-5398-4884-87E4-B816698CDE65}
		{FFFE71F8-E476-4BCD-9689-F106EE1C1497} = {DA69F624-5398-4884-87E4-B816698CDE65}
		{E37324FF-6BAF-4243-BA80-7C024CF5F29D} = {DA69F624-5398-4884-87E4-B816698CDE65}
		{300979F6-A02E-407A-B8DF-F6200806C18D} = {C4BC9889-B49F-41B6-806B-F84941B2549B}
	EndGlobalSection
EndGlobal
